
Microsoft Visual Studio Solution File, Format Version 12.00
# Visual Studio 15
VisualStudioVersion = 15.0.26228.4
MinimumVisualStudioVersion = 10.0.40219.1
Project("{FAE04EC0-301F-11D3-BF4B-00C04F79EFBC}") = "TestApplication", "TestApplication\TestApplication.csproj", "{456B6B39-CBA8-4F77-9C26-3E8B079B6295}"
EndProject
Project("{2150E333-8FDC-42A3-9474-1A3956D46DE8}") = "Demos", "Demos", "{A3E60074-C857-40BD-830F-A610AD55D76E}"
EndProject
Project("{FAE04EC0-301F-11D3-BF4B-00C04F79EFBC}") = "1.SeleniumSetup", "Demos\1.SeleniumSetup\1.SeleniumSetup.csproj", "{530F0426-2E8E-4763-A5DF-D113646522A4}"
EndProject
EndProject
Global
	GlobalSection(SolutionConfigurationPlatforms) = preSolution
		Debug|Any CPU = Debug|Any CPU
		Release|Any CPU = Release|Any CPU
	EndGlobalSection
	GlobalSection(ProjectConfigurationPlatforms) = postSolution
		{456B6B39-CBA8-4F77-9C26-3E8B079B6295}.Debug|Any CPU.ActiveCfg = Debug|Any CPU
		{456B6B39-CBA8-4F77-9C26-3E8B079B6295}.Debug|Any CPU.Build.0 = Debug|Any CPU
		{456B6B39-CBA8-4F77-9C26-3E8B079B6295}.Release|Any CPU.ActiveCfg = Release|Any CPU
		{456B6B39-CBA8-4F77-9C26-3E8B079B6295}.Release|Any CPU.Build.0 = Release|Any CPU
		{530F0426-2E8E-4763-A5DF-D113646522A4}.Debug|Any CPU.ActiveCfg = Debug|Any CPU
		{530F0426-2E8E-4763-A5DF-D113646522A4}.Debug|Any CPU.Build.0 = Debug|Any CPU
		{530F0426-2E8E-4763-A5DF-D113646522A4}.Release|Any CPU.ActiveCfg = Release|Any CPU
		{530F0426-2E8E-4763-A5DF-D113646522A4}.Release|Any CPU.Build.0 = Release|Any CPU
	EndGlobalSection
	GlobalSection(SolutionProperties) = preSolution
		HideSolutionNode = FALSE
	EndGlobalSection
	GlobalSection(NestedProjects) = preSolution
		{530F0426-2E8E-4763-A5DF-D113646522A4} = {A3E60074-C857-40BD-830F-A610AD55D76E}
	EndGlobalSection
EndGlobal
